{
  "name": "tgraph",
  "version": "1.0.0",
  "lockfileVersion": 1,
  "requires": true,
  "dependencies": {
    "@rollup/plugin-commonjs": {
      "version": "21.0.1",
      "resolved": "https://registry.npmmirror.com/@rollup/plugin-commonjs/download/@rollup/plugin-commonjs-21.0.1.tgz",
      "integrity": "sha1-HlfIGuFRjk3wlU1oHGQufZRYj+4=",
      "dev": true,
      "requires": {
        "@rollup/pluginutils": "^3.1.0",
        "commondir": "^1.0.1",
        "estree-walker": "^2.0.1",
        "glob": "^7.1.6",
        "is-reference": "^1.2.1",
        "magic-string": "^0.25.7",
        "resolve": "^1.17.0"
      },
      "dependencies": {
        "estree-walker": {
          "version": "2.0.2",
          "resolved": "https://registry.npmmirror.com/estree-walker/download/estree-walker-2.0.2.tgz",
          "integrity": "sha1-UvAQF4wqTBF6d1fP6UKtt9LaTKw=",
          "dev": true
        }
      }
    },
    "@rollup/plugin-node-resolve": {
      "version": "13.1.1",
      "resolved": "https://registry.npmmirror.com/@rollup/plugin-node-resolve/download/@rollup/plugin-node-resolve-13.1.1.tgz",
      "integrity": "sha512-6QKtRevXLrmEig9UiMYt2fSvee9TyltGRfw+qSs6xjUnxwjOzTOqy+/Lpxsgjb8mJn1EQNbCDAvt89O4uzL5kw==",
      "dev": true,
      "requires": {
        "@rollup/pluginutils": "^3.1.0",
        "@types/resolve": "1.17.1",
        "builtin-modules": "^3.1.0",
        "deepmerge": "^4.2.2",
        "is-module": "^1.0.0",
        "resolve": "^1.19.0"
      }
    },
    "@rollup/pluginutils": {
      "version": "3.1.0",
      "resolved": "https://registry.npmmirror.com/@rollup/pluginutils/download/@rollup/pluginutils-3.1.0.tgz",
      "integrity": "sha1-cGtFJO5tyLEDs8mVUz5a1oDAK5s=",
      "dev": true,
      "requires": {
        "@types/estree": "0.0.39",
        "estree-walker": "^1.0.1",
        "picomatch": "^2.2.2"
      }
    },
    "@types/d3": {
      "version": "7.1.0",
      "resolved": "https://registry.npmmirror.com/@types/d3/download/@types/d3-7.1.0.tgz",
      "integrity": "sha1-jzKn5/Q02PkgyLHr3+1V4YwDNyA=",
      "dev": true,
      "requires": {
        "@types/d3-array": "*",
        "@types/d3-axis": "*",
        "@types/d3-brush": "*",
        "@types/d3-chord": "*",
        "@types/d3-color": "*",
        "@types/d3-contour": "*",
        "@types/d3-delaunay": "*",
        "@types/d3-dispatch": "*",
        "@types/d3-drag": "*",
        "@types/d3-dsv": "*",
        "@types/d3-ease": "*",
        "@types/d3-fetch": "*",
        "@types/d3-force": "*",
        "@types/d3-format": "*",
        "@types/d3-geo": "*",
        "@types/d3-hierarchy": "*",
        "@types/d3-interpolate": "*",
        "@types/d3-path": "*",
        "@types/d3-polygon": "*",
        "@types/d3-quadtree": "*",
        "@types/d3-random": "*",
        "@types/d3-scale": "*",
        "@types/d3-scale-chromatic": "*",
        "@types/d3-selection": "*",
        "@types/d3-shape": "*",
        "@types/d3-time": "*",
        "@types/d3-time-format": "*",
        "@types/d3-timer": "*",
        "@types/d3-transition": "*",
        "@types/d3-zoom": "*"
      }
    },
    "@types/d3-array": {
      "version": "3.0.2",
      "resolved": "https://registry.npmmirror.com/@types/d3-array/download/@types/d3-array-3.0.2.tgz?cache=0&sync_timestamp=1637264958040&other_urls=https%3A%2F%2Fregistry.npmmirror.com%2F%40types%2Fd3-array%2Fdownload%2F%40types%2Fd3-array-3.0.2.tgz",
      "integrity": "sha1-ccNbyoNmpA0bj86Sea+kp3+wBl0=",
      "dev": true
    },
    "@types/d3-axis": {
      "version": "3.0.1",
      "resolved": "https://registry.npmmirror.com/@types/d3-axis/download/@types/d3-axis-3.0.1.tgz",
      "integrity": "sha1-avwgdE+lzAy8PivTZ7FAp57T56g=",
      "dev": true,
      "requires": {
        "@types/d3-selection": "*"
      }
    },
    "@types/d3-brush": {
      "version": "3.0.1",
      "resolved": "https://registry.npmmirror.com/@types/d3-brush/download/@types/d3-brush-3.0.1.tgz",
      "integrity": "sha1-rl8XzjkZNcqIspAA5g7iBFLGNXw=",
      "dev": true,
      "requires": {
        "@types/d3-selection": "*"
      }
    },
    "@types/d3-chord": {
      "version": "3.0.1",
      "resolved": "https://registry.npmmirror.com/@types/d3-chord/download/@types/d3-chord-3.0.1.tgz",
      "integrity": "sha1-VMiFbBnI5Ks2pT9zunN95HaK0kg=",
      "dev": true
    },
    "@types/d3-color": {
      "version": "3.0.2",
      "resolved": "https://registry.npmmirror.com/@types/d3-color/download/@types/d3-color-3.0.2.tgz",
      "integrity": "sha1-U/LWMl9m7nmv1wfAWshJ6K4O27A=",
      "dev": true
    },
    "@types/d3-contour": {
      "version": "3.0.1",
      "resolved": "https://registry.npmmirror.com/@types/d3-contour/download/@types/d3-contour-3.0.1.tgz",
      "integrity": "sha1-n/Ti/So5EN6cUJcnCn2opu8kABc=",
      "dev": true,
      "requires": {
        "@types/d3-array": "*",
        "@types/geojson": "*"
      }
    },
    "@types/d3-delaunay": {
      "version": "6.0.0",
      "resolved": "https://registry.npmmirror.com/@types/d3-delaunay/download/@types/d3-delaunay-6.0.0.tgz",
      "integrity": "sha1-wJlTrH5UYJl/aT0te/NSLg1KiOY=",
      "dev": true
    },
    "@types/d3-dispatch": {
      "version": "3.0.1",
      "resolved": "https://registry.npmmirror.com/@types/d3-dispatch/download/@types/d3-dispatch-3.0.1.tgz",
      "integrity": "sha1-obGK5foFWmc0yzvTy8YmDvGWduM=",
      "dev": true
    },
    "@types/d3-drag": {
      "version": "3.0.1",
      "resolved": "https://registry.npmmirror.com/@types/d3-drag/download/@types/d3-drag-3.0.1.tgz",
      "integrity": "sha1-+x49XM7u5NkTyqWd7fVclMtm6A8=",
      "dev": true,
      "requires": {
        "@types/d3-selection": "*"
      }
    },
    "@types/d3-dsv": {
      "version": "3.0.0",
      "resolved": "https://registry.npmmirror.com/@types/d3-dsv/download/@types/d3-dsv-3.0.0.tgz",
      "integrity": "sha1-88YfsRe9ST7A6BSFb+uAShTPwxE=",
      "dev": true
    },
    "@types/d3-ease": {
      "version": "3.0.0",
      "resolved": "https://registry.npmmirror.com/@types/d3-ease/download/@types/d3-ease-3.0.0.tgz",
      "integrity": "sha1-wpkm+LWW+dra7KBioypFNlaB6uA=",
      "dev": true
    },
    "@types/d3-fetch": {
      "version": "3.0.1",
      "resolved": "https://registry.npmmirror.com/@types/d3-fetch/download/@types/d3-fetch-3.0.1.tgz",
      "integrity": "sha1-+fqIuBqi7qWBTxGuyC7P3b0Lj+A=",
      "dev": true,
      "requires": {
        "@types/d3-dsv": "*"
      }
    },
    "@types/d3-force": {
      "version": "3.0.3",
      "resolved": "https://registry.npmmirror.com/@types/d3-force/download/@types/d3-force-3.0.3.tgz?cache=0&sync_timestamp=1637264959897&other_urls=https%3A%2F%2Fregistry.npmmirror.com%2F%40types%2Fd3-force%2Fdownload%2F%40types%2Fd3-force-3.0.3.tgz",
      "integrity": "sha1-dssg0ErnmK/t4epuQXUHY/9anII=",
      "dev": true
    },
    "@types/d3-format": {
      "version": "3.0.1",
      "resolved": "https://registry.npmmirror.com/@types/d3-format/download/@types/d3-format-3.0.1.tgz",
      "integrity": "sha1-GU8TF6SZ7dflh2b5ZzW9wCFruJ0=",
      "dev": true
    },
    "@types/d3-geo": {
      "version": "3.0.2",
      "resolved": "https://registry.npmmirror.com/@types/d3-geo/download/@types/d3-geo-3.0.2.tgz",
      "integrity": "sha1-5+xfSEwVmyxATELSYObZnZn0XZo=",
      "dev": true,
      "requires": {
        "@types/geojson": "*"
      }
    },
    "@types/d3-hierarchy": {
      "version": "3.0.2",
      "resolved": "https://registry.npmmirror.com/@types/d3-hierarchy/download/@types/d3-hierarchy-3.0.2.tgz",
      "integrity": "sha1-ymPy9NoVuPEpxbff/XHZBMumrKI=",
      "dev": true
    },
    "@types/d3-interpolate": {
      "version": "3.0.1",
      "resolved": "https://registry.npmmirror.com/@types/d3-interpolate/download/@types/d3-interpolate-3.0.1.tgz",
      "integrity": "sha1-59F/pKWDCtVv4izjtPrIVBqVctw=",
      "dev": true,
      "requires": {
        "@types/d3-color": "*"
      }
    },
    "@types/d3-path": {
      "version": "3.0.0",
      "resolved": "https://registry.npmmirror.com/@types/d3-path/download/@types/d3-path-3.0.0.tgz",
      "integrity": "sha1-k546eErk+Asf3oCYuRrxd2/xMSs=",
      "dev": true
    },
    "@types/d3-polygon": {
      "version": "3.0.0",
      "resolved": "https://registry.npmmirror.com/@types/d3-polygon/download/@types/d3-polygon-3.0.0.tgz",
      "integrity": "sha1-UgCj+nk9dzb6EEKF+hmw28JCS5M=",
      "dev": true
    },
    "@types/d3-quadtree": {
      "version": "3.0.2",
      "resolved": "https://registry.npmmirror.com/@types/d3-quadtree/download/@types/d3-quadtree-3.0.2.tgz",
      "integrity": "sha1-QzESoXjrffEjqrLOEcZ/Ucr+j/U=",
      "dev": true
    },
    "@types/d3-random": {
      "version": "3.0.1",
      "resolved": "https://registry.npmmirror.com/@types/d3-random/download/@types/d3-random-3.0.1.tgz",
      "integrity": "sha1-XI1Cs2zUyAuS5WJqJS+ZTKa/yVM=",
      "dev": true
    },
    "@types/d3-scale": {
      "version": "4.0.2",
      "resolved": "https://registry.npmmirror.com/@types/d3-scale/download/@types/d3-scale-4.0.2.tgz?cache=0&sync_timestamp=1637264790023&other_urls=https%3A%2F%2Fregistry.npmmirror.com%2F%40types%2Fd3-scale%2Fdownload%2F%40types%2Fd3-scale-4.0.2.tgz",
      "integrity": "sha1-Qb4kESavRjBSTq2csQCKsvDybmk=",
      "dev": true,
      "requires": {
        "@types/d3-time": "*"
      }
    },
    "@types/d3-scale-chromatic": {
      "version": "3.0.0",
      "resolved": "https://registry.npmmirror.com/@types/d3-scale-chromatic/download/@types/d3-scale-chromatic-3.0.0.tgz",
      "integrity": "sha1-EDEkd36M3shbILUf0zl8aC7h6VQ=",
      "dev": true
    },
    "@types/d3-selection": {
      "version": "3.0.2",
      "resolved": "https://registry.npmmirror.com/@types/d3-selection/download/@types/d3-selection-3.0.2.tgz",
      "integrity": "sha512-d29EDd0iUBrRoKhPndhDY6U/PYxOWqgIZwKTooy2UkBfU7TNZNpRho0yLWPxlatQrFWk2mnTu71IZQ4+LRgKlQ==",
      "dev": true
    },
    "@types/d3-shape": {
      "version": "3.0.2",
      "resolved": "https://registry.npmmirror.com/@types/d3-shape/download/@types/d3-shape-3.0.2.tgz",
      "integrity": "sha1-Sxyk3arClOdrcSQpcm1ANlzR6Mo=",
      "dev": true,
      "requires": {
        "@types/d3-path": "*"
      }
    },
    "@types/d3-time": {
      "version": "3.0.0",
      "resolved": "https://registry.npmmirror.com/@types/d3-time/download/@types/d3-time-3.0.0.tgz?cache=0&sync_timestamp=1637264789270&other_urls=https%3A%2F%2Fregistry.npmmirror.com%2F%40types%2Fd3-time%2Fdownload%2F%40types%2Fd3-time-3.0.0.tgz",
      "integrity": "sha1-4awPPp4ZUTU2H6Gh1i95XYfm6Bk=",
      "dev": true
    },
    "@types/d3-time-format": {
      "version": "4.0.0",
      "resolved": "https://registry.npmmirror.com/@types/d3-time-format/download/@types/d3-time-format-4.0.0.tgz",
      "integrity": "sha1-7ntueY+N6y2WQGdfiBHQJTqqGUY=",
      "dev": true
    },
    "@types/d3-timer": {
      "version": "3.0.0",
      "resolved": "https://registry.npmmirror.com/@types/d3-timer/download/@types/d3-timer-3.0.0.tgz",
      "integrity": "sha1-4lBfHCHsCL2okVI445f7cdL8VM4=",
      "dev": true
    },
    "@types/d3-transition": {
      "version": "3.0.1",
      "resolved": "https://registry.npmmirror.com/@types/d3-transition/download/@types/d3-transition-3.0.1.tgz",
      "integrity": "sha1-yalhJVZxc9YWOmmFuHT3kVT0zD0=",
      "dev": true,
      "requires": {
        "@types/d3-selection": "*"
      }
    },
    "@types/d3-zoom": {
      "version": "3.0.1",
      "resolved": "https://registry.npmmirror.com/@types/d3-zoom/download/@types/d3-zoom-3.0.1.tgz",
      "integrity": "sha1-S/x+KWJcT3nfOOLDbeUuw+n6+CY=",
      "dev": true,
      "requires": {
        "@types/d3-interpolate": "*",
        "@types/d3-selection": "*"
      }
    },
    "@types/estree": {
      "version": "0.0.39",
      "resolved": "https://registry.npmmirror.com/@types/estree/download/@types/estree-0.0.39.tgz",
      "integrity": "sha1-4Xfmme4bjCLSMXTKqnQiZEOJUJ8=",
      "dev": true
    },
    "@types/geojson": {
      "version": "7946.0.8",
      "resolved": "https://registry.npmmirror.com/@types/geojson/download/@types/geojson-7946.0.8.tgz?cache=0&sync_timestamp=1637265317590&other_urls=https%3A%2F%2Fregistry.npmmirror.com%2F%40types%2Fgeojson%2Fdownload%2F%40types%2Fgeojson-7946.0.8.tgz",
      "integrity": "sha1-MHRK/bOF4pReIvOwM/iX92sfEso=",
      "dev": true
    },
    "@types/lodash": {
      "version": "4.14.178",
      "resolved": "https://registry.npmmirror.com/@types/lodash/download/@types/lodash-4.14.178.tgz",
      "integrity": "sha512-0d5Wd09ItQWH1qFbEyQ7oTQ3GZrMfth5JkbN3EvTKLXcHLRDSXeLnlvlOn0wvxVIwK5o2M8JzP/OWz7T3NRsbw==",
      "dev": true
    },
    "@types/node": {
      "version": "17.0.5",
      "resolved": "https://registry.npmmirror.com/@types/node/download/@types/node-17.0.5.tgz",
      "integrity": "sha512-w3mrvNXLeDYV1GKTZorGJQivK6XLCoGwpnyJFbJVK/aTBQUxOCaa/GlFAAN3OTDFcb7h5tiFG+YXCO2By+riZw==",
      "dev": true
    },
    "@types/resolve": {
      "version": "1.17.1",
      "resolved": "https://registry.npmmirror.com/@types/resolve/download/@types/resolve-1.17.1.tgz?cache=0&sync_timestamp=1637273802447&other_urls=https%3A%2F%2Fregistry.npmmirror.com%2F%40types%2Fresolve%2Fdownload%2F%40types%2Fresolve-1.17.1.tgz",
      "integrity": "sha1-Ov1q2JZ8d+Q3bFmKgt3Vj0bsRdY=",
      "dev": true,
      "requires": {
        "@types/node": "*"
      }
    },
    "balanced-match": {
      "version": "1.0.2",
      "resolved": "https://registry.npm.taobao.org/balanced-match/download/balanced-match-1.0.2.tgz?cache=0&sync_timestamp=1617714298273&other_urls=https%3A%2F%2Fregistry.npm.taobao.org%2Fbalanced-match%2Fdownload%2Fbalanced-match-1.0.2.tgz",
      "integrity": "sha1-6D46fj8wCzTLnYf2FfoMvzV2kO4=",
      "dev": true
    },
    "brace-expansion": {
      "version": "1.1.11",
      "resolved": "https://registry.npm.taobao.org/brace-expansion/download/brace-expansion-1.1.11.tgz?cache=0&sync_timestamp=1614010785257&other_urls=https%3A%2F%2Fregistry.npm.taobao.org%2Fbrace-expansion%2Fdownload%2Fbrace-expansion-1.1.11.tgz",
      "integrity": "sha1-PH/L9SnYcibz0vUrlm/1Jx60Qd0=",
      "dev": true,
      "requires": {
        "balanced-match": "^1.0.0",
        "concat-map": "0.0.1"
      }
    },
    "builtin-modules": {
      "version": "3.2.0",
      "resolved": "https://registry.npm.taobao.org/builtin-modules/download/builtin-modules-3.2.0.tgz?cache=0&sync_timestamp=1608615051681&other_urls=https%3A%2F%2Fregistry.npm.taobao.org%2Fbuiltin-modules%2Fdownload%2Fbuiltin-modules-3.2.0.tgz",
      "integrity": "sha1-RdXbmefuXmvE82LgCL+RerUEmIc=",
      "dev": true
    },
    "commander": {
      "version": "7.2.0",
      "resolved": "https://registry.npmmirror.com/commander/download/commander-7.2.0.tgz",
      "integrity": "sha512-QrWXB+ZQSVPmIWIhtEO9H+gwHaMGYiF5ChvoJ+K9ZGHG/sVsa6yiesAD1GC/x46sET00Xlwo1u49RVVVzvcSkw=="
    },
    "commondir": {
      "version": "1.0.1",
      "resolved": "https://registry.npm.taobao.org/commondir/download/commondir-1.0.1.tgz",
      "integrity": "sha1-3dgA2gxmEnOTzKWVDqloo6rxJTs=",
      "dev": true
    },
    "concat-map": {
      "version": "0.0.1",
      "resolved": "https://registry.npm.taobao.org/concat-map/download/concat-map-0.0.1.tgz",
      "integrity": "sha1-2Klr13/Wjfd5OnMDajug1UBdR3s=",
      "dev": true
    },
    "d3": {
      "version": "7.2.1",
      "resolved": "https://registry.npmmirror.com/d3/download/d3-7.2.1.tgz",
      "integrity": "sha512-E/5sP0aeK6YPXI/+4QlefvBFgmcyR2jYftId0PrYWv4Y/gW3c3thp1XG4rQzF0eUwV9tR1x05X5eWuJ6rQXvew==",
      "requires": {
        "d3-array": "3",
        "d3-axis": "3",
        "d3-brush": "3",
        "d3-chord": "3",
        "d3-color": "3",
        "d3-contour": "3",
        "d3-delaunay": "6",
        "d3-dispatch": "3",
        "d3-drag": "3",
        "d3-dsv": "3",
        "d3-ease": "3",
        "d3-fetch": "3",
        "d3-force": "3",
        "d3-format": "3",
        "d3-geo": "3",
        "d3-hierarchy": "3",
        "d3-interpolate": "3",
        "d3-path": "3",
        "d3-polygon": "3",
        "d3-quadtree": "3",
        "d3-random": "3",
        "d3-scale": "4",
        "d3-scale-chromatic": "3",
        "d3-selection": "3",
        "d3-shape": "3",
        "d3-time": "3",
        "d3-time-format": "4",
        "d3-timer": "3",
        "d3-transition": "3",
        "d3-zoom": "3"
      }
    },
    "d3-array": {
      "version": "3.1.1",
      "resolved": "https://registry.npmmirror.com/d3-array/download/d3-array-3.1.1.tgz",
      "integrity": "sha1-d5frU+rWuQg8daRaaB6T/EG8Row=",
      "requires": {
        "internmap": "1 - 2"
      }
    },
    "d3-axis": {
      "version": "3.0.0",
      "resolved": "https://registry.nlark.com/d3-axis/download/d3-axis-3.0.0.tgz",
      "integrity": "sha1-xCpKE+gTHWN7dF/Clzgkz+r5MyI="
    },
    "d3-brush": {
      "version": "3.0.0",
      "resolved": "https://registry.nlark.com/d3-brush/download/d3-brush-3.0.0.tgz",
      "integrity": "sha1-b3Z8Ttjct53n7ePhwPieY+9k0xw=",
      "requires": {
        "d3-dispatch": "1 - 3",
        "d3-drag": "2 - 3",
        "d3-interpolate": "1 - 3",
        "d3-selection": "3",
        "d3-transition": "3"
      }
    },
    "d3-chord": {
      "version": "3.0.1",
      "resolved": "https://registry.nlark.com/d3-chord/download/d3-chord-3.0.1.tgz",
      "integrity": "sha1-0VbWH0hfzoMn5qvzOctB2Mu6aWY=",
      "requires": {
        "d3-path": "1 - 3"
      }
    },
    "d3-color": {
      "version": "3.0.1",
      "resolved": "https://registry.nlark.com/d3-color/download/d3-color-3.0.1.tgz",
      "integrity": "sha1-AzFuWVlV0fzTnZ82EK1Bu5AZTQo="
    },
    "d3-contour": {
      "version": "3.0.1",
      "resolved": "https://registry.nlark.com/d3-contour/download/d3-contour-3.0.1.tgz",
      "integrity": "sha1-LGQlXUMFlZnNDbqP5Mw9Uczdm70=",
      "requires": {
        "d3-array": "2 - 3"
      }
    },
    "d3-delaunay": {
      "version": "6.0.2",
      "resolved": "https://registry.nlark.com/d3-delaunay/download/d3-delaunay-6.0.2.tgz",
      "integrity": "sha1-f9NxetDq3i/Jk59CYKz7UD+YTpI=",
      "requires": {
        "delaunator": "5"
      }
    },
    "d3-dispatch": {
      "version": "3.0.1",
      "resolved": "https://registry.nlark.com/d3-dispatch/download/d3-dispatch-3.0.1.tgz",
      "integrity": "sha1-X8dShOnCN1w2yDlBGgz1UMv8TV4="
    },
    "d3-drag": {
      "version": "3.0.0",
      "resolved": "https://registry.nlark.com/d3-drag/download/d3-drag-3.0.0.tgz",
      "integrity": "sha1-mUqunNI8cZ9TteEOOgphCMaWB7o=",
      "requires": {
        "d3-dispatch": "1 - 3",
        "d3-selection": "3"
      }
    },
    "d3-dsv": {
      "version": "3.0.1",
      "resolved": "https://registry.nlark.com/d3-dsv/download/d3-dsv-3.0.1.tgz",
      "integrity": "sha1-xjr5ePTWoNCEpSpnOSK+IWB4m3M=",
      "requires": {
        "commander": "7",
        "iconv-lite": "0.6",
        "rw": "1"
      }
    },
    "d3-ease": {
      "version": "3.0.1",
      "resolved": "https://registry.nlark.com/d3-ease/download/d3-ease-3.0.1.tgz",
      "integrity": "sha1-llisOKIUDVnTRhYPH2ww/aC9EvQ="
    },
    "d3-fetch": {
      "version": "3.0.1",
      "resolved": "https://registry.nlark.com/d3-fetch/download/d3-fetch-3.0.1.tgz",
      "integrity": "sha1-gxQb/5hWoO21443onNz+Y9CmCiI=",
      "requires": {
        "d3-dsv": "1 - 3"
      }
    },
    "d3-force": {
      "version": "3.0.0",
      "resolved": "https://registry.nlark.com/d3-force/download/d3-force-3.0.0.tgz",
      "integrity": "sha1-Piuhph5wiI/j2RlOMNbRTuzhVcQ=",
      "requires": {
        "d3-dispatch": "1 - 3",
        "d3-quadtree": "1 - 3",
        "d3-timer": "1 - 3"
      }
    },
    "d3-format": {
      "version": "3.1.0",
      "resolved": "https://registry.npmmirror.com/d3-format/download/d3-format-3.1.0.tgz",
      "integrity": "sha512-YyUI6AEuY/Wpt8KWLgZHsIU86atmikuoOmCfommt0LYHiQSPjvX2AcFc38PX0CBpr2RCyZhjex+NS/LPOv6YqA=="
    },
    "d3-geo": {
      "version": "3.0.1",
      "resolved": "https://registry.nlark.com/d3-geo/download/d3-geo-3.0.1.tgz",
      "integrity": "sha1-T5I2L9hoXZPjsfrg/ZfciYCx7X4=",
      "requires": {
        "d3-array": "2.5.0 - 3"
      }
    },
    "d3-hierarchy": {
      "version": "3.1.1",
      "resolved": "https://registry.npmmirror.com/d3-hierarchy/download/d3-hierarchy-3.1.1.tgz",
      "integrity": "sha512-LtAIu54UctRmhGKllleflmHalttH3zkfSi4NlKrTAoFKjC+AFBJohsCAdgCBYQwH0F8hIOGY89X1pPqAchlMkA=="
    },
    "d3-interpolate": {
      "version": "3.0.1",
      "resolved": "https://registry.nlark.com/d3-interpolate/download/d3-interpolate-3.0.1.tgz",
      "integrity": "sha1-PEeqWzLFs9+1bvP9Q0IHimMrQA0=",
      "requires": {
        "d3-color": "1 - 3"
      }
    },
    "d3-path": {
      "version": "3.0.1",
      "resolved": "https://registry.nlark.com/d3-path/download/d3-path-3.0.1.tgz",
      "integrity": "sha1-8J3sCq/9dwt5lfGjmRUr+TBSMh4="
    },
    "d3-polygon": {
      "version": "3.0.1",
      "resolved": "https://registry.nlark.com/d3-polygon/download/d3-polygon-3.0.1.tgz",
      "integrity": "sha1-C0XT3RxIopyOBX5hNWk+yAvxY5g="
    },
    "d3-quadtree": {
      "version": "3.0.1",
      "resolved": "https://registry.nlark.com/d3-quadtree/download/d3-quadtree-3.0.1.tgz",
      "integrity": "sha1-bco+i+Kzk8mp1RTau9gKkt7vGk8="
    },
    "d3-random": {
      "version": "3.0.1",
      "resolved": "https://registry.nlark.com/d3-random/download/d3-random-3.0.1.tgz",
      "integrity": "sha1-1JJjeNMz2cC/0eb6AZTTCuuqIPQ="
    },
    "d3-scale": {
      "version": "4.0.2",
      "resolved": "https://registry.npmmirror.com/d3-scale/download/d3-scale-4.0.2.tgz",
      "integrity": "sha1-grOOjo/3CAdk+Nzsd71L45Nok5Y=",
      "requires": {
        "d3-array": "2.10.0 - 3",
        "d3-format": "1 - 3",
        "d3-interpolate": "1.2.0 - 3",
        "d3-time": "2.1.1 - 3",
        "d3-time-format": "2 - 4"
      }
    },
    "d3-scale-chromatic": {
      "version": "3.0.0",
      "resolved": "https://registry.nlark.com/d3-scale-chromatic/download/d3-scale-chromatic-3.0.0.tgz",
      "integrity": "sha1-FbTOuMorsNy20aZB7gPVnDtiN2o=",
      "requires": {
        "d3-color": "1 - 3",
        "d3-interpolate": "1 - 3"
      }
    },
    "d3-selection": {
      "version": "3.0.0",
      "resolved": "https://registry.nlark.com/d3-selection/download/d3-selection-3.0.0.tgz",
      "integrity": "sha1-wlM4IH76csxbm9FFihpBkB8eGzE="
    },
    "d3-shape": {
      "version": "3.0.1",
      "resolved": "https://registry.nlark.com/d3-shape/download/d3-shape-3.0.1.tgz",
      "integrity": "sha1-nM37KP2bDRLy2K7CNM1cSp6ieTE=",
      "requires": {
        "d3-path": "1 - 3"
      }
    },
    "d3-time": {
      "version": "3.0.0",
      "resolved": "https://registry.nlark.com/d3-time/download/d3-time-3.0.0.tgz",
      "integrity": "sha1-ZZcsuYri1JVO9cky6HBAYTNdSXU=",
      "requires": {
        "d3-array": "2 - 3"
      }
    },
    "d3-time-format": {
      "version": "4.1.0",
      "resolved": "https://registry.npmmirror.com/d3-time-format/download/d3-time-format-4.1.0.tgz",
      "integrity": "sha512-dJxPBlzC7NugB2PDLwo9Q8JiTR3M3e4/XANkreKSUxF8vvXKqm1Yfq4Q5dl8budlunRVlUUaDUgFt7eA8D6NLg==",
      "requires": {
        "d3-time": "1 - 3"
      }
    },
    "d3-timer": {
      "version": "3.0.1",
      "resolved": "https://registry.nlark.com/d3-timer/download/d3-timer-3.0.1.tgz",
      "integrity": "sha1-YoTSonCChbGrt+IB7aQ4CvNeY7A="
    },
    "d3-transition": {
      "version": "3.0.1",
      "resolved": "https://registry.nlark.com/d3-transition/download/d3-transition-3.0.1.tgz",
      "integrity": "sha1-aGn93hRIhoB3/dWYkgDLYbKhZF8=",
      "requires": {
        "d3-color": "1 - 3",
        "d3-dispatch": "1 - 3",
        "d3-ease": "1 - 3",
        "d3-interpolate": "1 - 3",
        "d3-timer": "1 - 3"
      }
    },
    "d3-zoom": {
      "version": "3.0.0",
      "resolved": "https://registry.nlark.com/d3-zoom/download/d3-zoom-3.0.0.tgz?cache=0&sync_timestamp=1623286451294&other_urls=https%3A%2F%2Fregistry.nlark.com%2Fd3-zoom%2Fdownload%2Fd3-zoom-3.0.0.tgz",
      "integrity": "sha1-0T9BZccyF//qpUKVzWlps+eu6PM=",
      "requires": {
        "d3-dispatch": "1 - 3",
        "d3-drag": "2 - 3",
        "d3-interpolate": "1 - 3",
        "d3-selection": "2 - 3",
        "d3-transition": "2 - 3"
      }
    },
    "deepmerge": {
      "version": "4.2.2",
      "resolved": "https://registry.npm.taobao.org/deepmerge/download/deepmerge-4.2.2.tgz",
      "integrity": "sha1-RNLqNnm49NT/ujPwPYZfwee/SVU=",
      "dev": true
    },
    "delaunator": {
      "version": "5.0.0",
      "resolved": "https://registry.nlark.com/delaunator/download/delaunator-5.0.0.tgz",
      "integrity": "sha1-YPBSsovZHJtFZoUOv3dW7+gh2Bs=",
      "requires": {
        "robust-predicates": "^3.0.0"
      }
    },
    "estree-walker": {
      "version": "1.0.1",
      "resolved": "https://registry.npmmirror.com/estree-walker/download/estree-walker-1.0.1.tgz",
      "integrity": "sha1-MbxdYSyWtwQQa0d+bdXYqhOMtwA=",
      "dev": true
    },
    "fs.realpath": {
      "version": "1.0.0",
      "resolved": "https://registry.npm.taobao.org/fs.realpath/download/fs.realpath-1.0.0.tgz",
      "integrity": "sha1-FQStJSMVjKpA20onh8sBQRmU6k8=",
      "dev": true
    },
    "function-bind": {
      "version": "1.1.1",
      "resolved": "https://registry.npm.taobao.org/function-bind/download/function-bind-1.1.1.tgz",
      "integrity": "sha1-pWiZ0+o8m6uHS7l3O3xe3pL0iV0=",
      "dev": true
    },
    "glob": {
      "version": "7.2.0",
      "resolved": "https://registry.npmmirror.com/glob/download/glob-7.2.0.tgz",
      "integrity": "sha512-lmLf6gtyrPq8tTjSmrO94wBeQbFR3HbLHbuyD69wuyQkImp2hWqMGB47OX65FBkPffO641IP9jWa1z4ivqG26Q==",
      "dev": true,
      "requires": {
        "fs.realpath": "^1.0.0",
        "inflight": "^1.0.4",
        "inherits": "2",
        "minimatch": "^3.0.4",
        "once": "^1.3.0",
        "path-is-absolute": "^1.0.0"
      }
    },
    "has": {
      "version": "1.0.3",
      "resolved": "https://registry.npm.taobao.org/has/download/has-1.0.3.tgz",
      "integrity": "sha1-ci18v8H2qoJB8W3YFOAR4fQeh5Y=",
      "dev": true,
      "requires": {
        "function-bind": "^1.1.1"
      }
    },
    "iconv-lite": {
      "version": "0.6.3",
      "resolved": "https://registry.nlark.com/iconv-lite/download/iconv-lite-0.6.3.tgz?cache=0&other_urls=https%3A%2F%2Fregistry.nlark.com%2Ficonv-lite%2Fdownload%2Ficonv-lite-0.6.3.tgz",
      "integrity": "sha1-pS+AvzjaGVLrXGgXkHGYcaGnJQE=",
      "requires": {
        "safer-buffer": ">= 2.1.2 < 3.0.0"
      }
    },
    "inflight": {
      "version": "1.0.6",
      "resolved": "https://registry.npm.taobao.org/inflight/download/inflight-1.0.6.tgz",
      "integrity": "sha1-Sb1jMdfQLQwJvJEKEHW6gWW1bfk=",
      "dev": true,
      "requires": {
        "once": "^1.3.0",
        "wrappy": "1"
      }
    },
    "inherits": {
      "version": "2.0.4",
      "resolved": "https://registry.npm.taobao.org/inherits/download/inherits-2.0.4.tgz",
      "integrity": "sha1-D6LGT5MpF8NDOg3tVTY6rjdBa3w=",
      "dev": true
    },
    "internmap": {
      "version": "2.0.3",
      "resolved": "https://registry.nlark.com/internmap/download/internmap-2.0.3.tgz?cache=0&sync_timestamp=1632107515842&other_urls=https%3A%2F%2Fregistry.nlark.com%2Finternmap%2Fdownload%2Finternmap-2.0.3.tgz",
      "integrity": "sha1-ZoXyN1XkPFJOJR0py8lySOMGEAk="
    },
    "is-core-module": {
      "version": "2.8.0",
      "resolved": "https://registry.npmmirror.com/is-core-module/download/is-core-module-2.8.0.tgz",
      "integrity": "sha1-AyEzbD0JJeSX/Zf12VyxFKXM1Ug=",
      "dev": true,
      "requires": {
        "has": "^1.0.3"
      }
    },
    "is-module": {
      "version": "1.0.0",
      "resolved": "https://registry.npm.taobao.org/is-module/download/is-module-1.0.0.tgz",
      "integrity": "sha1-Mlj7afeMFNW4FdZkM2tM/7ZEFZE=",
      "dev": true
    },
    "is-reference": {
      "version": "1.2.1",
      "resolved": "https://registry.nlark.com/is-reference/download/is-reference-1.2.1.tgz",
      "integrity": "sha1-iy2sCzcfS8mU/eq6nrVC0DAC0Lc=",
      "dev": true,
      "requires": {
        "@types/estree": "*"
      }
    },
    "lodash": {
      "version": "4.17.21",
      "resolved": "https://registry.npmmirror.com/lodash/download/lodash-4.17.21.tgz",
      "integrity": "sha512-v2kDEe57lecTulaDIuNTPy3Ry4gLGJ6Z1O3vE1krgXZNrsQ+LFTGHVxVjcXPs17LhbZVGedAJv8XZ1tvj5FvSg=="
    },
    "magic-string": {
      "version": "0.25.7",
      "resolved": "https://registry.npm.taobao.org/magic-string/download/magic-string-0.25.7.tgz",
      "integrity": "sha1-P0l9b9NMZpxnmNy4IfLvMfVEUFE=",
      "dev": true,
      "requires": {
        "sourcemap-codec": "^1.4.4"
      }
    },
    "mime": {
      "version": "3.0.0",
      "resolved": "https://registry.npmmirror.com/mime/download/mime-3.0.0.tgz",
      "integrity": "sha1-s3RVDco6DBhEOwyVCmpY8ZMc96c=",
      "dev": true
    },
    "minimatch": {
      "version": "3.0.4",
      "resolved": "https://registry.npm.taobao.org/minimatch/download/minimatch-3.0.4.tgz",
      "integrity": "sha1-UWbihkV/AzBgZL5Ul+jbsMPTIIM=",
      "dev": true,
      "requires": {
        "brace-expansion": "^1.1.7"
      }
    },
    "once": {
      "version": "1.4.0",
      "resolved": "https://registry.npm.taobao.org/once/download/once-1.4.0.tgz",
      "integrity": "sha1-WDsap3WWHUsROsF9nFC6753Xa9E=",
      "dev": true,
      "requires": {
        "wrappy": "1"
      }
    },
    "opener": {
      "version": "1.5.2",
      "resolved": "https://registry.npm.taobao.org/opener/download/opener-1.5.2.tgz",
      "integrity": "sha1-XTfh81B3udysQwE3InGv3rKhNZg=",
      "dev": true
    },
    "path-is-absolute": {
      "version": "1.0.1",
      "resolved": "https://registry.npm.taobao.org/path-is-absolute/download/path-is-absolute-1.0.1.tgz",
      "integrity": "sha1-F0uSaHNVNP+8es5r9TpanhtcX18=",
      "dev": true
    },
    "path-parse": {
      "version": "1.0.7",
      "resolved": "https://registry.nlark.com/path-parse/download/path-parse-1.0.7.tgz",
      "integrity": "sha1-+8EUtgykKzDZ2vWFjkvWi77bZzU=",
      "dev": true
    },
    "picomatch": {
      "version": "2.3.0",
      "resolved": "https://registry.nlark.com/picomatch/download/picomatch-2.3.0.tgz",
      "integrity": "sha1-8fBh3o9qS/AiiS4tEoI0+5gwKXI=",
      "dev": true
    },
    "resolve": {
      "version": "1.20.0",
      "resolved": "https://registry.npm.taobao.org/resolve/download/resolve-1.20.0.tgz",
      "integrity": "sha1-YpoBP7P3B1XW8LeTXMHCxTeLGXU=",
      "dev": true,
      "requires": {
        "is-core-module": "^2.2.0",
        "path-parse": "^1.0.6"
      }
    },
    "robust-predicates": {
      "version": "3.0.1",
      "resolved": "https://registry.npm.taobao.org/robust-predicates/download/robust-predicates-3.0.1.tgz",
      "integrity": "sha1-7N4HUET38wEYaCvZ+z8SMQlXf5o="
    },
    "rollup-plugin-serve": {
      "version": "1.1.0",
      "resolved": "https://registry.npm.taobao.org/rollup-plugin-serve/download/rollup-plugin-serve-1.1.0.tgz",
      "integrity": "sha1-BlSlcCGiG5AzQMaZQPdGNwboKI0=",
      "dev": true,
      "requires": {
        "mime": ">=2.4.6",
        "opener": "1"
      }
    },
    "rw": {
      "version": "1.3.3",
      "resolved": "https://registry.npmmirror.com/rw/download/rw-1.3.3.tgz",
      "integrity": "sha1-P4Yt+pGrdmsUiF700BEkv9oHT7Q="
    },
    "safer-buffer": {
      "version": "2.1.2",
      "resolved": "https://registry.npm.taobao.org/safer-buffer/download/safer-buffer-2.1.2.tgz?cache=0&other_urls=https%3A%2F%2Fregistry.npm.taobao.org%2Fsafer-buffer%2Fdownload%2Fsafer-buffer-2.1.2.tgz",
      "integrity": "sha1-RPoWGwGHuVSd2Eu5GAL5vYOFzWo="
    },
    "sourcemap-codec": {
      "version": "1.4.8",
      "resolved": "https://registry.npm.taobao.org/sourcemap-codec/download/sourcemap-codec-1.4.8.tgz",
      "integrity": "sha1-6oBL2UhXQC5pktBaOO8a41qatMQ=",
      "dev": true
    },
    "wrappy": {
      "version": "1.0.2",
      "resolved": "https://registry.nlark.com/wrappy/download/wrappy-1.0.2.tgz?cache=0&sync_timestamp=1619133505879&other_urls=https%3A%2F%2Fregistry.nlark.com%2Fwrappy%2Fdownload%2Fwrappy-1.0.2.tgz",
      "integrity": "sha1-tSQ9jz7BqjXxNkYFvA0QNuMKtp8=",
      "dev": true
    }
  }
}
